
Microsoft Visual Studio Solution File, Format Version 12.00
# Visual Studio 15
VisualStudioVersion = 15.0.27130.2036
MinimumVisualStudioVersion = 10.0.40219.1
Project("{FAE04EC0-301F-11D3-BF4B-00C04F79EFBC}") = "GrinstalGest.Android", "GrinstalGest\GrinstalGest.Android\GrinstalGest.Android.csproj", "{18AADAE8-53AB-4C93-B1F1-F0C0244D2C4B}"
EndProject
Project("{FAE04EC0-301F-11D3-BF4B-00C04F79EFBC}") = "GrinstalGest.iOS", "GrinstalGest\GrinstalGest.iOS\GrinstalGest.iOS.csproj", "{90FC8F0F-06CF-421A-899F-C50CA165747E}"
EndProject
Project("{FAE04EC0-301F-11D3-BF4B-00C04F79EFBC}") = "GrinstalGest.UWP", "GrinstalGest\GrinstalGest.UWP\GrinstalGest.UWP.csproj", "{FA3E28D0-325D-4B8D-A58C-0D3FB0DA1195}"
EndProject
Project("{FAE04EC0-301F-11D3-BF4B-00C04F79EFBC}") = "GrinstalGest", "GrinstalGest\GrinstalGest\GrinstalGest.csproj", "{53F935D0-4CAB-4A20-9B7C-49EC5AF7C4B8}"
EndProject
Global
	GlobalSection(SolutionConfigurationPlatforms) = preSolution
		Ad-Hoc|Any CPU = Ad-Hoc|Any CPU
		Ad-Hoc|ARM = Ad-Hoc|ARM
		Ad-Hoc|iPhone = Ad-Hoc|iPhone
		Ad-Hoc|iPhoneSimulator = Ad-Hoc|iPhoneSimulator
		Ad-Hoc|x64 = Ad-Hoc|x64
		Ad-Hoc|x86 = Ad-Hoc|x86
		AppStore|Any CPU = AppStore|Any CPU
		AppStore|ARM = AppStore|ARM
		AppStore|iPhone = AppStore|iPhone
		AppStore|iPhoneSimulator = AppStore|iPhoneSimulator
		AppStore|x64 = AppStore|x64
		AppStore|x86 = AppStore|x86
		Debug|Any CPU = Debug|Any CPU
		Debug|ARM = Debug|ARM
		Debug|iPhone = Debug|iPhone
		Debug|iPhoneSimulator = Debug|iPhoneSimulator
		Debug|x64 = Debug|x64
		Debug|x86 = Debug|x86
		Release|Any CPU = Release|Any CPU
		Release|ARM = Release|ARM
		Release|iPhone = Release|iPhone
		Release|iPhoneSimulator = Release|iPhoneSimulator
		Release|x64 = Release|x64
		Release|x86 = Release|x86
	EndGlobalSection
	GlobalSection(ProjectConfigurationPlatforms) = postSolution
		{18AADAE8-53AB-4C93-B1F1-F0C0244D2C4B}.Ad-Hoc|Any CPU.ActiveCfg = Release|Any CPU
		{18AADAE8-53AB-4C93-B1F1-F0C0244D2C4B}.Ad-Hoc|Any CPU.Build.0 = Release|Any CPU
		{18AADAE8-53AB-4C93-B1F1-F0C0244D2C4B}.Ad-Hoc|Any CPU.Deploy.0 = Release|Any CPU
		{18AADAE8-53AB-4C93-B1F1-F0C0244D2C4B}.Ad-Hoc|ARM.ActiveCfg = Release|Any CPU
		{18AADAE8-53AB-4C93-B1F1-F0C0244D2C4B}.Ad-Hoc|ARM.Build.0 = Release|Any CPU
		{18AADAE8-53AB-4C93-B1F1-F0C0244D2C4B}.Ad-Hoc|ARM.Deploy.0 = Release|Any CPU
		{18AADAE8-53AB-4C93-B1F1-F0C0244D2C4B}.Ad-Hoc|iPhone.ActiveCfg = Release|Any CPU
		{18AADAE8-53AB-4C93-B1F1-F0C0244D2C4B}.Ad-Hoc|iPhone.Build.0 = Release|Any CPU
		{18AADAE8-53AB-4C93-B1F1-F0C0244D2C4B}.Ad-Hoc|iPhone.Deploy.0 = Release|Any CPU
		{18AADAE8-53AB-4C93-B1F1-F0C0244D2C4B}.Ad-Hoc|iPhoneSimulator.ActiveCfg = Release|Any CPU
		{18AADAE8-53AB-4C93-B1F1-F0C0244D2C4B}.Ad-Hoc|iPhoneSimulator.Build.0 = Release|Any CPU
		{18AADAE8-53AB-4C93-B1F1-F0C0244D2C4B}.Ad-Hoc|iPhoneSimulator.Deploy.0 = Release|Any CPU
		{18AADAE8-53AB-4C93-B1F1-F0C0244D2C4B}.Ad-Hoc|x64.ActiveCfg = Release|Any CPU
		{18AADAE8-53AB-4C93-B1F1-F0C0244D2C4B}.Ad-Hoc|x64.Build.0 = Release|Any CPU
		{18AADAE8-53AB-4C93-B1F1-F0C0244D2C4B}.Ad-Hoc|x64.Deploy.0 = Release|Any CPU
		{18AADAE8-53AB-4C93-B1F1-F0C0244D2C4B}.Ad-Hoc|x86.ActiveCfg = Release|Any CPU
		{18AADAE8-53AB-4C93-B1F1-F0C0244D2C4B}.Ad-Hoc|x86.Build.0 = Release|Any CPU
		{18AADAE8-53AB-4C93-B1F1-F0C0244D2C4B}.Ad-Hoc|x86.Deploy.0 = Release|Any CPU
		{18AADAE8-53AB-4C93-B1F1-F0C0244D2C4B}.AppStore|Any CPU.ActiveCfg = Release|Any CPU
		{18AADAE8-53AB-4C93-B1F1-F0C0244D2C4B}.AppStore|Any CPU.Build.0 = Release|Any CPU
		{18AADAE8-53AB-4C93-B1F1-F0C0244D2C4B}.AppStore|Any CPU.Deploy.0 = Release|Any CPU
		{18AADAE8-53AB-4C93-B1F1-F0C0244D2C4B}.AppStore|ARM.ActiveCfg = Release|Any CPU
		{18AADAE8-53AB-4C93-B1F1-F0C0244D2C4B}.AppStore|ARM.Build.0 = Release|Any CPU
		{18AADAE8-53AB-4C93-B1F1-F0C0244D2C4B}.AppStore|ARM.Deploy.0 = Release|Any CPU
		{18AADAE8-53AB-4C93-B1F1-F0C0244D2C4B}.AppStore|iPhone.ActiveCfg = Release|Any CPU
		{18AADAE8-53AB-4C93-B1F1-F0C0244D2C4B}.AppStore|iPhone.Build.0 = Release|Any CPU
		{18AADAE8-53AB-4C93-B1F1-F0C0244D2C4B}.AppStore|iPhone.Deploy.0 = Release|Any CPU
		{18AADAE8-53AB-4C93-B1F1-F0C0244D2C4B}.AppStore|iPhoneSimulator.ActiveCfg = Release|Any CPU
		{18AADAE8-53AB-4C93-B1F1-F0C0244D2C4B}.AppStore|iPhoneSimulator.Build.0 = Release|Any CPU
		{18AADAE8-53AB-4C93-B1F1-F0C0244D2C4B}.AppStore|iPhoneSimulator.Deploy.0 = Release|Any CPU
		{18AADAE8-53AB-4C93-B1F1-F0C0244D2C4B}.AppStore|x64.ActiveCfg = Release|Any CPU
		{18AADAE8-53AB-4C93-B1F1-F0C0244D2C4B}.AppStore|x64.Build.0 = Release|Any CPU
		{18AADAE8-53AB-4C93-B1F1-F0C0244D2C4B}.AppStore|x64.Deploy.0 = Release|Any CPU
		{18AADAE8-53AB-4C93-B1F1-F0C0244D2C4B}.AppStore|x86.ActiveCfg = Release|Any CPU
		{18AADAE8-53AB-4C93-B1F1-F0C0244D2C4B}.AppStore|x86.Build.0 = Release|Any CPU
		{18AADAE8-53AB-4C93-B1F1-F0C0244D2C4B}.AppStore|x86.Deploy.0 = Release|Any CPU
		{18AADAE8-53AB-4C93-B1F1-F0C0244D2C4B}.Debug|Any CPU.ActiveCfg = Debug|Any CPU
		{18AADAE8-53AB-4C93-B1F1-F0C0244D2C4B}.Debug|Any CPU.Build.0 = Debug|Any CPU
		{18AADAE8-53AB-4C93-B1F1-F0C0244D2C4B}.Debug|Any CPU.Deploy.0 = Debug|Any CPU
		{18AADAE8-53AB-4C93-B1F1-F0C0244D2C4B}.Debug|ARM.ActiveCfg = Debug|Any CPU
		{18AADAE8-53AB-4C93-B1F1-F0C0244D2C4B}.Debug|ARM.Build.0 = Debug|Any CPU
		{18AADAE8-53AB-4C93-B1F1-F0C0244D2C4B}.Debug|ARM.Deploy.0 = Debug|Any CPU
		{18AADAE8-53AB-4C93-B1F1-F0C0244D2C4B}.Debug|iPhone.ActiveCfg = Debug|Any CPU
		{18AADAE8-53AB-4C93-B1F1-F0C0244D2C4B}.Debug|iPhone.Build.0 = Debug|Any CPU
		{18AADAE8-53AB-4C93-B1F1-F0C0244D2C4B}.Debug|iPhone.Deploy.0 = Debug|Any CPU
		{18AADAE8-53AB-4C93-B1F1-F0C0244D2C4B}.Debug|iPhoneSimulator.ActiveCfg = Debug|Any CPU
		{18AADAE8-53AB-4C93-B1F1-F0C0244D2C4B}.Debug|iPhoneSimulator.Build.0 = Debug|Any CPU
		{18AADAE8-53AB-4C93-B1F1-F0C0244D2C4B}.Debug|iPhoneSimulator.Deploy.0 = Debug|Any CPU
		{18AADAE8-53AB-4C93-B1F1-F0C0244D2C4B}.Debug|x64.ActiveCfg = Debug|Any CPU
		{18AADAE8-53AB-4C93-B1F1-F0C0244D2C4B}.Debug|x64.Build.0 = Debug|Any CPU
		{18AADAE8-53AB-4C93-B1F1-F0C0244D2C4B}.Debug|x64.Deploy.0 = Debug|Any CPU
		{18AADAE8-53AB-4C93-B1F1-F0C0244D2C4B}.Debug|x86.ActiveCfg = Debug|Any CPU
		{18AADAE8-53AB-4C93-B1F1-F0C0244D2C4B}.Debug|x86.Build.0 = Debug|Any CPU
		{18AADAE8-53AB-4C93-B1F1-F0C0244D2C4B}.Debug|x86.Deploy.0 = Debug|Any CPU
		{18AADAE8-53AB-4C93-B1F1-F0C0244D2C4B}.Release|Any CPU.ActiveCfg = Release|Any CPU
		{18AADAE8-53AB-4C93-B1F1-F0C0244D2C4B}.Release|Any CPU.Build.0 = Release|Any CPU
		{18AADAE8-53AB-4C93-B1F1-F0C0244D2C4B}.Release|Any CPU.Deploy.0 = Release|Any CPU
		{18AADAE8-53AB-4C93-B1F1-F0C0244D2C4B}.Release|ARM.ActiveCfg = Release|Any CPU
		{18AADAE8-53AB-4C93-B1F1-F0C0244D2C4B}.Release|ARM.Build.0 = Release|Any CPU
		{18AADAE8-53AB-4C93-B1F1-F0C0244D2C4B}.Release|ARM.Deploy.0 = Release|Any CPU
		{18AADAE8-53AB-4C93-B1F1-F0C0244D2C4B}.Release|iPhone.ActiveCfg = Release|Any CPU
		{18AADAE8-53AB-4C93-B1F1-F0C0244D2C4B}.Release|iPhone.Build.0 = Release|Any CPU
		{18AADAE8-53AB-4C93-B1F1-F0C0244D2C4B}.Release|iPhone.Deploy.0 = Release|Any CPU
		{18AADAE8-53AB-4C93-B1F1-F0C0244D2C4B}.Release|iPhoneSimulator.ActiveCfg = Release|Any CPU
		{18AADAE8-53AB-4C93-B1F1-F0C0244D2C4B}.Release|iPhoneSimulator.Build.0 = Release|Any CPU
		{18AADAE8-53AB-4C93-B1F1-F0C0244D2C4B}.Release|iPhoneSimulator.Deploy.0 = Release|Any CPU
		{18AADAE8-53AB-4C93-B1F1-F0C0244D2C4B}.Release|x64.ActiveCfg = Release|Any CPU
		{18AADAE8-53AB-4C93-B1F1-F0C0244D2C4B}.Release|x64.Build.0 = Release|Any CPU
		{18AADAE8-53AB-4C93-B1F1-F0C0244D2C4B}.Release|x64.Deploy.0 = Release|Any CPU
		{18AADAE8-53AB-4C93-B1F1-F0C0244D2C4B}.Release|x86.ActiveCfg = Release|Any CPU
		{18AADAE8-53AB-4C93-B1F1-F0C0244D2C4B}.Release|x86.Build.0 = Release|Any CPU
		{18AADAE8-53AB-4C93-B1F1-F0C0244D2C4B}.Release|x86.Deploy.0 = Release|Any CPU
		{90FC8F0F-06CF-421A-899F-C50CA165747E}.Ad-Hoc|Any CPU.ActiveCfg = Ad-Hoc|iPhone
		{90FC8F0F-06CF-421A-899F-C50CA165747E}.Ad-Hoc|ARM.ActiveCfg = Ad-Hoc|iPhone
		{90FC8F0F-06CF-421A-899F-C50CA165747E}.Ad-Hoc|iPhone.ActiveCfg = Ad-Hoc|iPhone
		{90FC8F0F-06CF-421A-899F-C50CA165747E}.Ad-Hoc|iPhone.Build.0 = Ad-Hoc|iPhone
		{90FC8F0F-06CF-421A-899F-C50CA165747E}.Ad-Hoc|iPhoneSimulator.ActiveCfg = Ad-Hoc|iPhoneSimulator
		{90FC8F0F-06CF-421A-899F-C50CA165747E}.Ad-Hoc|iPhoneSimulator.Build.0 = Ad-Hoc|iPhoneSimulator
		{90FC8F0F-06CF-421A-899F-C50CA165747E}.Ad-Hoc|x64.ActiveCfg = Ad-Hoc|iPhone
		{90FC8F0F-06CF-421A-899F-C50CA165747E}.Ad-Hoc|x86.ActiveCfg = Ad-Hoc|iPhone
		{90FC8F0F-06CF-421A-899F-C50CA165747E}.AppStore|Any CPU.ActiveCfg = AppStore|iPhone
		{90FC8F0F-06CF-421A-899F-C50CA165747E}.AppStore|ARM.ActiveCfg = AppStore|iPhone
		{90FC8F0F-06CF-421A-899F-C50CA165747E}.AppStore|iPhone.ActiveCfg = AppStore|iPhone
		{90FC8F0F-06CF-421A-899F-C50CA165747E}.AppStore|iPhone.Build.0 = AppStore|iPhone
		{90FC8F0F-06CF-421A-899F-C50CA165747E}.AppStore|iPhoneSimulator.ActiveCfg = AppStore|iPhoneSimulator
		{90FC8F0F-06CF-421A-899F-C50CA165747E}.AppStore|iPhoneSimulator.Build.0 = AppStore|iPhoneSimulator
		{90FC8F0F-06CF-421A-899F-C50CA165747E}.AppStore|x64.ActiveCfg = AppStore|iPhone
		{90FC8F0F-06CF-421A-899F-C50CA165747E}.AppStore|x86.ActiveCfg = AppStore|iPhone
		{90FC8F0F-06CF-421A-899F-C50CA165747E}.Debug|Any CPU.ActiveCfg = Debug|iPhone
		{90FC8F0F-06CF-421A-899F-C50CA165747E}.Debug|ARM.ActiveCfg = Debug|iPhone
		{90FC8F0F-06CF-421A-899F-C50CA165747E}.Debug|iPhone.ActiveCfg = Debug|iPhone
		{90FC8F0F-06CF-421A-899F-C50CA165747E}.Debug|iPhone.Build.0 = Debug|iPhone
		{90FC8F0F-06CF-421A-899F-C50CA165747E}.Debug|iPhoneSimulator.ActiveCfg = Debug|iPhoneSimulator
		{90FC8F0F-06CF-421A-899F-C50CA165747E}.Debug|iPhoneSimulator.Build.0 = Debug|iPhoneSimulator
		{90FC8F0F-06CF-421A-899F-C50CA165747E}.Debug|x64.ActiveCfg = Debug|iPhone
		{90FC8F0F-06CF-421A-899F-C50CA165747E}.Debug|x86.ActiveCfg = Debug|iPhone
		{90FC8F0F-06CF-421A-899F-C50CA165747E}.Release|Any CPU.ActiveCfg = Release|iPhone
		{90FC8F0F-06CF-421A-899F-C50CA165747E}.Release|ARM.ActiveCfg = Release|iPhone
		{90FC8F0F-06CF-421A-899F-C50CA165747E}.Release|iPhone.ActiveCfg = Release|iPhone
		{90FC8F0F-06CF-421A-899F-C50CA165747E}.Release|iPhone.Build.0 = Release|iPhone
		{90FC8F0F-06CF-421A-899F-C50CA165747E}.Release|iPhoneSimulator.ActiveCfg = Release|iPhoneSimulator
		{90FC8F0F-06CF-421A-899F-C50CA165747E}.Release|iPhoneSimulator.Build.0 = Release|iPhoneSimulator
		{90FC8F0F-06CF-421A-899F-C50CA165747E}.Release|x64.ActiveCfg = Release|iPhone
		{90FC8F0F-06CF-421A-899F-C50CA165747E}.Release|x86.ActiveCfg = Release|iPhone
		{FA3E28D0-325D-4B8D-A58C-0D3FB0DA1195}.Ad-Hoc|Any CPU.ActiveCfg = Release|x86
		{FA3E28D0-325D-4B8D-A58C-0D3FB0DA1195}.Ad-Hoc|Any CPU.Build.0 = Release|x86
		{FA3E28D0-325D-4B8D-A58C-0D3FB0DA1195}.Ad-Hoc|Any CPU.Deploy.0 = Release|x86
		{FA3E28D0-325D-4B8D-A58C-0D3FB0DA1195}.Ad-Hoc|ARM.ActiveCfg = Release|ARM
		{FA3E28D0-325D-4B8D-A58C-0D3FB0DA1195}.Ad-Hoc|ARM.Build.0 = Release|ARM
		{FA3E28D0-325D-4B8D-A58C-0D3FB0DA1195}.Ad-Hoc|ARM.Deploy.0 = Release|ARM
		{FA3E28D0-325D-4B8D-A58C-0D3FB0DA1195}.Ad-Hoc|iPhone.ActiveCfg = Release|x86
		{FA3E28D0-325D-4B8D-A58C-0D3FB0DA1195}.Ad-Hoc|iPhone.Build.0 = Release|x86
		{FA3E28D0-325D-4B8D-A58C-0D3FB0DA1195}.Ad-Hoc|iPhone.Deploy.0 = Release|x86
		{FA3E28D0-325D-4B8D-A58C-0D3FB0DA1195}.Ad-Hoc|iPhoneSimulator.ActiveCfg = Release|x86
		{FA3E28D0-325D-4B8D-A58C-0D3FB0DA1195}.Ad-Hoc|iPhoneSimulator.Build.0 = Release|x86
		{FA3E28D0-325D-4B8D-A58C-0D3FB0DA1195}.Ad-Hoc|iPhoneSimulator.Deploy.0 = Release|x86
		{FA3E28D0-325D-4B8D-A58C-0D3FB0DA1195}.Ad-Hoc|x64.ActiveCfg = Release|x64
		{FA3E28D0-325D-4B8D-A58C-0D3FB0DA1195}.Ad-Hoc|x64.Build.0 = Release|x64
		{FA3E28D0-325D-4B8D-A58C-0D3FB0DA1195}.Ad-Hoc|x64.Deploy.0 = Release|x64
		{FA3E28D0-325D-4B8D-A58C-0D3FB0DA1195}.Ad-Hoc|x86.ActiveCfg = Release|x86
		{FA3E28D0-325D-4B8D-A58C-0D3FB0DA1195}.Ad-Hoc|x86.Build.0 = Release|x86
		{FA3E28D0-325D-4B8D-A58C-0D3FB0DA1195}.Ad-Hoc|x86.Deploy.0 = Release|x86
		{FA3E28D0-325D-4B8D-A58C-0D3FB0DA1195}.AppStore|Any CPU.ActiveCfg = Release|x86
		{FA3E28D0-325D-4B8D-A58C-0D3FB0DA1195}.AppStore|Any CPU.Build.0 = Release|x86
		{FA3E28D0-325D-4B8D-A58C-0D3FB0DA1195}.AppStore|Any CPU.Deploy.0 = Release|x86
		{FA3E28D0-325D-4B8D-A58C-0D3FB0DA1195}.AppStore|ARM.ActiveCfg = Release|ARM
		{FA3E28D0-325D-4B8D-A58C-0D3FB0DA1195}.AppStore|ARM.Build.0 = Release|ARM
		{FA3E28D0-325D-4B8D-A58C-0D3FB0DA1195}.AppStore|ARM.Deploy.0 = Release|ARM
		{FA3E28D0-325D-4B8D-A58C-0D3FB0DA1195}.AppStore|iPhone.ActiveCfg = Release|x86
		{FA3E28D0-325D-4B8D-A58C-0D3FB0DA1195}.AppStore|iPhone.Build.0 = Release|x86
		{FA3E28D0-325D-4B8D-A58C-0D3FB0DA1195}.AppStore|iPhone.Deploy.0 = Release|x86
		{FA3E28D0-325D-4B8D-A58C-0D3FB0DA1195}.AppStore|iPhoneSimulator.ActiveCfg = Release|x86
		{FA3E28D0-325D-4B8D-A58C-0D3FB0DA1195}.AppStore|iPhoneSimulator.Build.0 = Release|x86
		{FA3E28D0-325D-4B8D-A58C-0D3FB0DA1195}.AppStore|iPhoneSimulator.Deploy.0 = Release|x86
		{FA3E28D0-325D-4B8D-A58C-0D3FB0DA1195}.AppStore|x64.ActiveCfg = Release|x64
		{FA3E28D0-325D-4B8D-A58C-0D3FB0DA1195}.AppStore|x64.Build.0 = Release|x64
		{FA3E28D0-325D-4B8D-A58C-0D3FB0DA1195}.AppStore|x64.Deploy.0 = Release|x64
		{FA3E28D0-325D-4B8D-A58C-0D3FB0DA1195}.AppStore|x86.ActiveCfg = Release|x86
		{FA3E28D0-325D-4B8D-A58C-0D3FB0DA1195}.AppStore|x86.Build.0 = Release|x86
		{FA3E28D0-325D-4B8D-A58C-0D3FB0DA1195}.AppStore|x86.Deploy.0 = Release|x86
		{FA3E28D0-325D-4B8D-A58C-0D3FB0DA1195}.Debug|Any CPU.ActiveCfg = Debug|x86
		{FA3E28D0-325D-4B8D-A58C-0D3FB0DA1195}.Debug|ARM.ActiveCfg = Debug|ARM
		{FA3E28D0-325D-4B8D-A58C-0D3FB0DA1195}.Debug|ARM.Build.0 = Debug|ARM
		{FA3E28D0-325D-4B8D-A58C-0D3FB0DA1195}.Debug|ARM.Deploy.0 = Debug|ARM
		{FA3E28D0-325D-4B8D-A58C-0D3FB0DA1195}.Debug|iPhone.ActiveCfg = Debug|x86
		{FA3E28D0-325D-4B8D-A58C-0D3FB0DA1195}.Debug|iPhoneSimulator.ActiveCfg = Debug|x86
		{FA3E28D0-325D-4B8D-A58C-0D3FB0DA1195}.Debug|x64.ActiveCfg = Debug|x64
		{FA3E28D0-325D-4B8D-A58C-0D3FB0DA1195}.Debug|x64.Build.0 = Debug|x64
		{FA3E28D0-325D-4B8D-A58C-0D3FB0DA1195}.Debug|x64.Deploy.0 = Debug|x64
		{FA3E28D0-325D-4B8D-A58C-0D3FB0DA1195}.Debug|x86.ActiveCfg = Debug|x86
		{FA3E28D0-325D-4B8D-A58C-0D3FB0DA1195}.Debug|x86.Build.0 = Debug|x86
		{FA3E28D0-325D-4B8D-A58C-0D3FB0DA1195}.Debug|x86.Deploy.0 = Debug|x86
		{FA3E28D0-325D-4B8D-A58C-0D3FB0DA1195}.Release|Any CPU.ActiveCfg = Release|x86
		{FA3E28D0-325D-4B8D-A58C-0D3FB0DA1195}.Release|ARM.ActiveCfg = Release|ARM
		{FA3E28D0-325D-4B8D-A58C-0D3FB0DA1195}.Release|ARM.Build.0 = Release|ARM
		{FA3E28D0-325D-4B8D-A58C-0D3FB0DA1195}.Release|ARM.Deploy.0 = Release|ARM
		{FA3E28D0-325D-4B8D-A58C-0D3FB0DA1195}.Release|iPhone.ActiveCfg = Release|x86
		{FA3E28D0-325D-4B8D-A58C-0D3FB0DA1195}.Release|iPhoneSimulator.ActiveCfg = Release|x86
		{FA3E28D0-325D-4B8D-A58C-0D3FB0DA1195}.Release|x64.ActiveCfg = Release|x64
		{FA3E28D0-325D-4B8D-A58C-0D3FB0DA1195}.Release|x64.Build.0 = Release|x64
		{FA3E28D0-325D-4B8D-A58C-0D3FB0DA1195}.Release|x64.Deploy.0 = Release|x64
		{FA3E28D0-325D-4B8D-A58C-0D3FB0DA1195}.Release|x86.ActiveCfg = Release|x86
		{FA3E28D0-325D-4B8D-A58C-0D3FB0DA1195}.Release|x86.Build.0 = Release|x86
		{FA3E28D0-325D-4B8D-A58C-0D3FB0DA1195}.Release|x86.Deploy.0 = Release|x86
		{53F935D0-4CAB-4A20-9B7C-49EC5AF7C4B8}.Ad-Hoc|Any CPU.ActiveCfg = Debug|Any CPU
		{53F935D0-4CAB-4A20-9B7C-49EC5AF7C4B8}.Ad-Hoc|Any CPU.Build.0 = Debug|Any CPU
		{53F935D0-4CAB-4A20-9B7C-49EC5AF7C4B8}.Ad-Hoc|ARM.ActiveCfg = Debug|Any CPU
		{53F935D0-4CAB-4A20-9B7C-49EC5AF7C4B8}.Ad-Hoc|ARM.Build.0 = Debug|Any CPU
		{53F935D0-4CAB-4A20-9B7C-49EC5AF7C4B8}.Ad-Hoc|iPhone.ActiveCfg = Debug|Any CPU
		{53F935D0-4CAB-4A20-9B7C-49EC5AF7C4B8}.Ad-Hoc|iPhone.Build.0 = Debug|Any CPU
		{53F935D0-4CAB-4A20-9B7C-49EC5AF7C4B8}.Ad-Hoc|iPhoneSimulator.ActiveCfg = Debug|Any CPU
		{53F935D0-4CAB-4A20-9B7C-49EC5AF7C4B8}.Ad-Hoc|iPhoneSimulator.Build.0 = Debug|Any CPU
		{53F935D0-4CAB-4A20-9B7C-49EC5AF7C4B8}.Ad-Hoc|x64.ActiveCfg = Debug|Any CPU
		{53F935D0-4CAB-4A20-9B7C-49EC5AF7C4B8}.Ad-Hoc|x64.Build.0 = Debug|Any CPU
		{53F935D0-4CAB-4A20-9B7C-49EC5AF7C4B8}.Ad-Hoc|x86.ActiveCfg = Debug|Any CPU
		{53F935D0-4CAB-4A20-9B7C-49EC5AF7C4B8}.Ad-Hoc|x86.Build.0 = Debug|Any CPU
		{53F935D0-4CAB-4A20-9B7C-49EC5AF7C4B8}.AppStore|Any CPU.ActiveCfg = Debug|Any CPU
		{53F935D0-4CAB-4A20-9B7C-49EC5AF7C4B8}.AppStore|Any CPU.Build.0 = Debug|Any CPU
		{53F935D0-4CAB-4A20-9B7C-49EC5AF7C4B8}.AppStore|ARM.ActiveCfg = Debug|Any CPU
		{53F935D0-4CAB-4A20-9B7C-49EC5AF7C4B8}.AppStore|ARM.Build.0 = Debug|Any CPU
		{53F935D0-4CAB-4A20-9B7C-49EC5AF7C4B8}.AppStore|iPhone.ActiveCfg = Debug|Any CPU
		{53F935D0-4CAB-4A20-9B7C-49EC5AF7C4B8}.AppStore|iPhone.Build.0 = Debug|Any CPU
		{53F935D0-4CAB-4A20-9B7C-49EC5AF7C4B8}.AppStore|iPhoneSimulator.ActiveCfg = Debug|Any CPU
		{53F935D0-4CAB-4A20-9B7C-49EC5AF7C4B8}.AppStore|iPhoneSimulator.Build.0 = Debug|Any CPU
		{53F935D0-4CAB-4A20-9B7C-49EC5AF7C4B8}.AppStore|x64.ActiveCfg = Debug|Any CPU
		{53F935D0-4CAB-4A20-9B7C-49EC5AF7C4B8}.AppStore|x64.Build.0 = Debug|Any CPU
		{53F935D0-4CAB-4A20-9B7C-49EC5AF7C4B8}.AppStore|x86.ActiveCfg = Debug|Any CPU
		{53F935D0-4CAB-4A20-9B7C-49EC5AF7C4B8}.AppStore|x86.Build.0 = Debug|Any CPU
		{53F935D0-4CAB-4A20-9B7C-49EC5AF7C4B8}.Debug|Any CPU.ActiveCfg = Debug|Any CPU
		{53F935D0-4CAB-4A20-9B7C-49EC5AF7C4B8}.Debug|Any CPU.Build.0 = Debug|Any CPU
		{53F935D0-4CAB-4A20-9B7C-49EC5AF7C4B8}.Debug|ARM.ActiveCfg = Debug|Any CPU
		{53F935D0-4CAB-4A20-9B7C-49EC5AF7C4B8}.Debug|ARM.Build.0 = Debug|Any CPU
		{53F935D0-4CAB-4A20-9B7C-49EC5AF7C4B8}.Debug|iPhone.ActiveCfg = Debug|Any CPU
		{53F935D0-4CAB-4A20-9B7C-49EC5AF7C4B8}.Debug|iPhone.Build.0 = Debug|Any CPU
		{53F935D0-4CAB-4A20-9B7C-49EC5AF7C4B8}.Debug|iPhoneSimulator.ActiveCfg = Debug|Any CPU
		{53F935D0-4CAB-4A20-9B7C-49EC5AF7C4B8}.Debug|iPhoneSimulator.Build.0 = Debug|Any CPU
		{53F935D0-4CAB-4A20-9B7C-49EC5AF7C4B8}.Debug|x64.ActiveCfg = Debug|Any CPU
		{53F935D0-4CAB-4A20-9B7C-49EC5AF7C4B8}.Debug|x64.Build.0 = Debug|Any CPU
		{53F935D0-4CAB-4A20-9B7C-49EC5AF7C4B8}.Debug|x86.ActiveCfg = Debug|Any CPU
		{53F935D0-4CAB-4A20-9B7C-49EC5AF7C4B8}.Debug|x86.Build.0 = Debug|Any CPU
		{53F935D0-4CAB-4A20-9B7C-49EC5AF7C4B8}.Release|Any CPU.ActiveCfg = Release|Any CPU
		{53F935D0-4CAB-4A20-9B7C-49EC5AF7C4B8}.Release|Any CPU.Build.0 = Release|Any CPU
		{53F935D0-4CAB-4A20-9B7C-49EC5AF7C4B8}.Release|ARM.ActiveCfg = Release|Any CPU
		{53F935D0-4CAB-4A20-9B7C-49EC5AF7C4B8}.Release|ARM.Build.0 = Release|Any CPU
		{53F935D0-4CAB-4A20-9B7C-49EC5AF7C4B8}.Release|iPhone.ActiveCfg = Release|Any CPU
		{53F935D0-4CAB-4A20-9B7C-49EC5AF7C4B8}.Release|iPhone.Build.0 = Release|Any CPU
		{53F935D0-4CAB-4A20-9B7C-49EC5AF7C4B8}.Release|iPhoneSimulator.ActiveCfg = Release|Any CPU
		{53F935D0-4CAB-4A20-9B7C-49EC5AF7C4B8}.Release|iPhoneSimulator.Build.0 = Release|Any CPU
		{53F935D0-4CAB-4A20-9B7C-49EC5AF7C4B8}.Release|x64.ActiveCfg = Release|Any CPU
		{53F935D0-4CAB-4A20-9B7C-49EC5AF7C4B8}.Release|x64.Build.0 = Release|Any CPU
		{53F935D0-4CAB-4A20-9B7C-49EC5AF7C4B8}.Release|x86.ActiveCfg = Release|Any CPU
		{53F935D0-4CAB-4A20-9B7C-49EC5AF7C4B8}.Release|x86.Build.0 = Release|Any CPU
	EndGlobalSection
	GlobalSection(SolutionProperties) = preSolution
		HideSolutionNode = FALSE
	EndGlobalSection
	GlobalSection(ExtensibilityGlobals) = postSolution
		SolutionGuid = {5FFD0786-24C1-4762-A7F3-B6EBED7ADC94}
	EndGlobalSection
EndGlobal
